// !$*UTF8*$!
{
	archiveVersion = 1;
	classes = {
	};
	objectVersion = 50;
	objects = {

/* Begin PBXBuildFile section */
		C01D5205269E26DD00278553 /* AppDelegate.swift in Sources */ = {isa = PBXBuildFile; fileRef = C01D5204269E26DD00278553 /* AppDelegate.swift */; };
		C01D5207269E26DD00278553 /* SceneDelegate.swift in Sources */ = {isa = PBXBuildFile; fileRef = C01D5206269E26DD00278553 /* SceneDelegate.swift */; };
		C01D5209269E26DD00278553 /* LiveNewsViewController.swift in Sources */ = {isa = PBXBuildFile; fileRef = C01D5208269E26DD00278553 /* LiveNewsViewController.swift */; };
		C01D520E269E26DE00278553 /* Assets.xcassets in Resources */ = {isa = PBXBuildFile; fileRef = C01D520D269E26DE00278553 /* Assets.xcassets */; };
		C01D521A269E390E00278553 /* Constants.swift in Sources */ = {isa = PBXBuildFile; fileRef = C01D5219269E390E00278553 /* Constants.swift */; };
		C01D5224269E46C100278553 /* LiveNewsProtocols.swift in Sources */ = {isa = PBXBuildFile; fileRef = C01D5223269E46C100278553 /* LiveNewsProtocols.swift */; };
		C01D5226269E523400278553 /* LiveNewsModel.swift in Sources */ = {isa = PBXBuildFile; fileRef = C01D5225269E523400278553 /* LiveNewsModel.swift */; };
		C01D5228269E525000278553 /* NewsResponse.swift in Sources */ = {isa = PBXBuildFile; fileRef = C01D5227269E525000278553 /* NewsResponse.swift */; };
		C01D522A269E66C600278553 /* LiveNewsRouter.swift in Sources */ = {isa = PBXBuildFile; fileRef = C01D5229269E66C600278553 /* LiveNewsRouter.swift */; };
		C01D522C269E6A7700278553 /* LiveNewsPresenter.swift in Sources */ = {isa = PBXBuildFile; fileRef = C01D522B269E6A7700278553 /* LiveNewsPresenter.swift */; };
		C01D522E269E74D300278553 /* LiveNewsInteractor.swift in Sources */ = {isa = PBXBuildFile; fileRef = C01D522D269E74D300278553 /* LiveNewsInteractor.swift */; };
/* End PBXBuildFile section */

/* Begin PBXFileReference section */
		C01D5201269E26DD00278553 /* Viper-iOS-Two.app */ = {isa = PBXFileReference; explicitFileType = wrapper.application; includeInIndex = 0; path = "Viper-iOS-Two.app"; sourceTree = BUILT_PRODUCTS_DIR; };
		C01D5204269E26DD00278553 /* AppDelegate.swift */ = {isa = PBXFileReference; lastKnownFileType = sourcecode.swift; path = AppDelegate.swift; sourceTree = "<group>"; };
		C01D5206269E26DD00278553 /* SceneDelegate.swift */ = {isa = PBXFileReference; lastKnownFileType = sourcecode.swift; path = SceneDelegate.swift; sourceTree = "<group>"; };
		C01D5208269E26DD00278553 /* LiveNewsViewController.swift */ = {isa = PBXFileReference; lastKnownFileType = sourcecode.swift; path = LiveNewsViewController.swift; sourceTree = "<group>"; };
		C01D520D269E26DE00278553 /* Assets.xcassets */ = {isa = PBXFileReference; lastKnownFileType = folder.assetcatalog; path = Assets.xcassets; sourceTree = "<group>"; };
		C01D5212269E26DE00278553 /* Info.plist */ = {isa = PBXFileReference; lastKnownFileType = text.plist.xml; path = Info.plist; sourceTree = "<group>"; };
		C01D5219269E390E00278553 /* Constants.swift */ = {isa = PBXFileReference; lastKnownFileType = sourcecode.swift; path = Constants.swift; sourceTree = "<group>"; };
		C01D5223269E46C100278553 /* LiveNewsProtocols.swift */ = {isa = PBXFileReference; lastKnownFileType = sourcecode.swift; path = LiveNewsProtocols.swift; sourceTree = "<group>"; };
		C01D5225269E523400278553 /* LiveNewsModel.swift */ = {isa = PBXFileReference; lastKnownFileType = sourcecode.swift; path = LiveNewsModel.swift; sourceTree = "<group>"; };
		C01D5227269E525000278553 /* NewsResponse.swift */ = {isa = PBXFileReference; lastKnownFileType = sourcecode.swift; path = NewsResponse.swift; sourceTree = "<group>"; };
		C01D5229269E66C600278553 /* LiveNewsRouter.swift */ = {isa = PBXFileReference; lastKnownFileType = sourcecode.swift; path = LiveNewsRouter.swift; sourceTree = "<group>"; };
		C01D522B269E6A7700278553 /* LiveNewsPresenter.swift */ = {isa = PBXFileReference; lastKnownFileType = sourcecode.swift; path = LiveNewsPresenter.swift; sourceTree = "<group>"; };
		C01D522D269E74D300278553 /* LiveNewsInteractor.swift */ = {isa = PBXFileReference; lastKnownFileType = sourcecode.swift; path = LiveNewsInteractor.swift; sourceTree = "<group>"; };
/* End PBXFileReference section */

/* Begin PBXFrameworksBuildPhase section */
		C01D51FE269E26DD00278553 /* Frameworks */ = {
			isa = PBXFrameworksBuildPhase;
			buildActionMask = 2147483647;
			files = (
			);
			runOnlyForDeploymentPostprocessing = 0;
		};
/* End PBXFrameworksBuildPhase section */

/* Begin PBXGroup section */
		C01D51F8269E26DD00278553 = {
			isa = PBXGroup;
			children = (
				C01D5203269E26DD00278553 /* Viper-iOS-Two */,
				C01D5202269E26DD00278553 /* Products */,
			);
			sourceTree = "<group>";
		};
		C01D5202269E26DD00278553 /* Products */ = {
			isa = PBXGroup;
			children = (
				C01D5201269E26DD00278553 /* Viper-iOS-Two.app */,
			);
			name = Products;
			sourceTree = "<group>";
		};
		C01D5203269E26DD00278553 /* Viper-iOS-Two */ = {
			isa = PBXGroup;
			children = (
				C01D5212269E26DE00278553 /* Info.plist */,
				C01D520D269E26DE00278553 /* Assets.xcassets */,
				C01D521F269E462700278553 /* Entity */,
				C01D521B269E3B1D00278553 /* Modules */,
				C01D5218269E38D500278553 /* SupportingFiles */,
			);
			path = "Viper-iOS-Two";
			sourceTree = "<group>";
		};
		C01D5218269E38D500278553 /* SupportingFiles */ = {
			isa = PBXGroup;
			children = (
				C01D5204269E26DD00278553 /* AppDelegate.swift */,
				C01D5206269E26DD00278553 /* SceneDelegate.swift */,
				C01D5219269E390E00278553 /* Constants.swift */,
			);
			path = SupportingFiles;
			sourceTree = "<group>";
		};
		C01D521B269E3B1D00278553 /* Modules */ = {
			isa = PBXGroup;
			children = (
				C01D521C269E424900278553 /* LiveNewsList */,
			);
			path = Modules;
			sourceTree = "<group>";
		};
		C01D521C269E424900278553 /* LiveNewsList */ = {
			isa = PBXGroup;
			children = (
				C01D5222269E464A00278553 /* Interactor */,
				C01D5220269E463A00278553 /* presenter */,
				C01D521D269E45B200278553 /* protocols */,
				C01D5221269E464100278553 /* route */,
				C01D521E269E461600278553 /* view */,
			);
			path = LiveNewsList;
			sourceTree = "<group>";
		};
		C01D521D269E45B200278553 /* protocols */ = {
			isa = PBXGroup;
			children = (
				C01D5223269E46C100278553 /* LiveNewsProtocols.swift */,
			);
			path = protocols;
			sourceTree = "<group>";
		};
		C01D521E269E461600278553 /* view */ = {
			isa = PBXGroup;
			children = (
				C01D5208269E26DD00278553 /* LiveNewsViewController.swift */,
			);
			path = view;
			sourceTree = "<group>";
		};
		C01D521F269E462700278553 /* Entity */ = {
			isa = PBXGroup;
			children = (
				C01D5225269E523400278553 /* LiveNewsModel.swift */,
				C01D5227269E525000278553 /* NewsResponse.swift */,
			);
			path = Entity;
			sourceTree = "<group>";
		};
		C01D5220269E463A00278553 /* presenter */ = {
			isa = PBXGroup;
			children = (
				C01D522B269E6A7700278553 /* LiveNewsPresenter.swift */,
			);
			path = presenter;
			sourceTree = "<group>";
		};
		C01D5221269E464100278553 /* route */ = {
			isa = PBXGroup;
			children = (
				C01D5229269E66C600278553 /* LiveNewsRouter.swift */,
			);
			path = route;
			sourceTree = "<group>";
		};
		C01D5222269E464A00278553 /* Interactor */ = {
			isa = PBXGroup;
			children = (
				C01D522D269E74D300278553 /* LiveNewsInteractor.swift */,
			);
			path = Interactor;
			sourceTree = "<group>";
		};
/* End PBXGroup section */

/* Begin PBXNativeTarget section */
		C01D5200269E26DD00278553 /* Viper-iOS-Two */ = {
			isa = PBXNativeTarget;
			buildConfigurationList = C01D5215269E26DE00278553 /* Build configuration list for PBXNativeTarget "Viper-iOS-Two" */;
			buildPhases = (
				C01D51FD269E26DD00278553 /* Sources */,
				C01D51FE269E26DD00278553 /* Frameworks */,
				C01D51FF269E26DD00278553 /* Resources */,
			);
			buildRules = (
			);
			dependencies = (
			);
			name = "Viper-iOS-Two";
			productName = "Viper-iOS-Two";
			productReference = C01D5201269E26DD00278553 /* Viper-iOS-Two.app */;
			productType = "com.apple.product-type.application";
		};
/* End PBXNativeTarget section */

/* Begin PBXProject section */
		C01D51F9269E26DD00278553 /* Project object */ = {
			isa = PBXProject;
			attributes = {
				LastSwiftUpdateCheck = 1250;
				LastUpgradeCheck = 1250;
				TargetAttributes = {
					C01D5200269E26DD00278553 = {
						CreatedOnToolsVersion = 12.5.1;
					};
				};
			};
			buildConfigurationList = C01D51FC269E26DD00278553 /* Build configuration list for PBXProject "Viper-iOS-Two" */;
			compatibilityVersion = "Xcode 9.3";
			developmentRegion = en;
			hasScannedForEncodings = 0;
			knownRegions = (
				en,
				Base,
			);
			mainGroup = C01D51F8269E26DD00278553;
			productRefGroup = C01D5202269E26DD00278553 /* Products */;
			projectDirPath = "";
			projectRoot = "";
			targets = (
				C01D5200269E26DD00278553 /* Viper-iOS-Two */,
			);
		};
/* End PBXProject section */

/* Begin PBXResourcesBuildPhase section */
		C01D51FF269E26DD00278553 /* Resources */ = {
			isa = PBXResourcesBuildPhase;
			buildActionMask = 2147483647;
			files = (
				C01D520E269E26DE00278553 /* Assets.xcassets in Resources */,
			);
			runOnlyForDeploymentPostprocessing = 0;
		};
/* End PBXResourcesBuildPhase section */

/* Begin PBXSourcesBuildPhase section */
		C01D51FD269E26DD00278553 /* Sources */ = {
			isa = PBXSourcesBuildPhase;
			buildActionMask = 2147483647;
			files = (
				C01D5228269E525000278553 /* NewsResponse.swift in Sources */,
				C01D522E269E74D300278553 /* LiveNewsInteractor.swift in Sources */,
				C01D5209269E26DD00278553 /* LiveNewsViewController.swift in Sources */,
				C01D5205269E26DD00278553 /* AppDelegate.swift in Sources */,
				C01D5226269E523400278553 /* LiveNewsModel.swift in Sources */,
				C01D5207269E26DD00278553 /* SceneDelegate.swift in Sources */,
				C01D522A269E66C600278553 /* LiveNewsRouter.swift in Sources */,
				C01D5224269E46C100278553 /* LiveNewsProtocols.swift in Sources */,
				C01D522C269E6A7700278553 /* LiveNewsPresenter.swift in Sources */,
				C01D521A269E390E00278553 /* Constants.swift in Sources */,
			);
			runOnlyForDeploymentPostprocessing = 0;
		};
/* End PBXSourcesBuildPhase section */

/* Begin XCBuildConfiguration section */
		C01D5213269E26DE00278553 /* Debug */ = {
			isa = XCBuildConfiguration;
			buildSettings = {
				ALWAYS_SEARCH_USER_PATHS = NO;
				CLANG_ANALYZER_NONNULL = YES;
				CLANG_ANALYZER_NUMBER_OBJECT_CONVERSION = YES_AGGRESSIVE;
				CLANG_CXX_LANGUAGE_STANDARD = "gnu++14";
				CLANG_CXX_LIBRARY = "libc++";
				CLANG_ENABLE_MODULES = YES;
				CLANG_ENABLE_OBJC_ARC = YES;
				CLANG_ENABLE_OBJC_WEAK = YES;
				CLANG_WARN_BLOCK_CAPTURE_AUTORELEASING = YES;
				CLANG_WARN_BOOL_CONVERSION = YES;
				CLANG_WARN_COMMA = YES;
				CLANG_WARN_CONSTANT_CONVERSION = YES;
				CLANG_WARN_DEPRECATED_OBJC_IMPLEMENTATIONS = YES;
				CLANG_WARN_DIRECT_OBJC_ISA_USAGE = YES_ERROR;
				CLANG_WARN_DOCUMENTATION_COMMENTS = YES;
				CLANG_WARN_EMPTY_BODY = YES;
				CLANG_WARN_ENUM_CONVERSION = YES;
				CLANG_WARN_INFINITE_RECURSION = YES;
				CLANG_WARN_INT_CONVERSION = YES;
				CLANG_WARN_NON_LITERAL_NULL_CONVERSION = YES;
				CLANG_WARN_OBJC_IMPLICIT_RETAIN_SELF = YES;
				CLANG_WARN_OBJC_LITERAL_CONVERSION = YES;
				CLANG_WARN_OBJC_ROOT_CLASS = YES_ERROR;
				CLANG_WARN_QUOTED_INCLUDE_IN_FRAMEWORK_HEADER = YES;
				CLANG_WARN_RANGE_LOOP_ANALYSIS = YES;
				CLANG_WARN_STRICT_PROTOTYPES = YES;
				CLANG_WARN_SUSPICIOUS_MOVE = YES;
				CLANG_WARN_UNGUARDED_AVAILABILITY = YES_AGGRESSIVE;
				CLANG_WARN_UNREACHABLE_CODE = YES;
				CLANG_WARN__DUPLICATE_METHOD_MATCH = YES;
				COPY_PHASE_STRIP = NO;
				DEBUG_INFORMATION_FORMAT = dwarf;
				ENABLE_STRICT_OBJC_MSGSEND = YES;
				ENABLE_TESTABILITY = YES;
				GCC_C_LANGUAGE_STANDARD = gnu11;
				GCC_DYNAMIC_NO_PIC = NO;
				GCC_NO_COMMON_BLOCKS = YES;
				GCC_OPTIMIZATION_LEVEL = 0;
				GCC_PREPROCESSOR_DEFINITIONS = (
					"DEBUG=1",
					"$(inherited)",
				);
				GCC_WARN_64_TO_32_BIT_CONVERSION = YES;
				GCC_WARN_ABOUT_RETURN_TYPE = YES_ERROR;
				GCC_WARN_UNDECLARED_SELECTOR = YES;
				GCC_WARN_UNINITIALIZED_AUTOS = YES_AGGRESSIVE;
				GCC_WARN_UNUSED_FUNCTION = YES;
				GCC_WARN_UNUSED_VARIABLE = YES;
				IPHONEOS_DEPLOYMENT_TARGET = 14.5;
				MTL_ENABLE_DEBUG_INFO = INCLUDE_SOURCE;
				MTL_FAST_MATH = YES;
				ONLY_ACTIVE_ARCH = YES;
				SDKROOT = iphoneos;
				SWIFT_ACTIVE_COMPILATION_CONDITIONS = DEBUG;
				SWIFT_OPTIMIZATION_LEVEL = "-Onone";
			};
			name = Debug;
		};
		C01D5214269E26DE00278553 /* Release */ = {
			isa = XCBuildConfiguration;
			buildSettings = {
				ALWAYS_SEARCH_USER_PATHS = NO;
				CLANG_ANALYZER_NONNULL = YES;
				CLANG_ANALYZER_NUMBER_OBJECT_CONVERSION = YES_AGGRESSIVE;
				CLANG_CXX_LANGUAGE_STANDARD = "gnu++14";
				CLANG_CXX_LIBRARY = "libc++";
				CLANG_ENABLE_MODULES = YES;
				CLANG_ENABLE_OBJC_ARC = YES;
				CLANG_ENABLE_OBJC_WEAK = YES;
				CLANG_WARN_BLOCK_CAPTURE_AUTORELEASING = YES;
				CLANG_WARN_BOOL_CONVERSION = YES;
				CLANG_WARN_COMMA = YES;
				CLANG_WARN_CONSTANT_CONVERSION = YES;
				CLANG_WARN_DEPRECATED_OBJC_IMPLEMENTATIONS = YES;
				CLANG_WARN_DIRECT_OBJC_ISA_USAGE = YES_ERROR;
				CLANG_WARN_DOCUMENTATION_COMMENTS = YES;
				CLANG_WARN_EMPTY_BODY = YES;
				CLANG_WARN_ENUM_CONVERSION = YES;
				CLANG_WARN_INFINITE_RECURSION = YES;
				CLANG_WARN_INT_CONVERSION = YES;
				CLANG_WARN_NON_LITERAL_NULL_CONVERSION = YES;
				CLANG_WARN_OBJC_IMPLICIT_RETAIN_SELF = YES;
				CLANG_WARN_OBJC_LITERAL_CONVERSION = YES;
				CLANG_WARN_OBJC_ROOT_CLASS = YES_ERROR;
				CLANG_WARN_QUOTED_INCLUDE_IN_FRAMEWORK_HEADER = YES;
				CLANG_WARN_RANGE_LOOP_ANALYSIS = YES;
				CLANG_WARN_STRICT_PROTOTYPES = YES;
				CLANG_WARN_SUSPICIOUS_MOVE = YES;
				CLANG_WARN_UNGUARDED_AVAILABILITY = YES_AGGRESSIVE;
				CLANG_WARN_UNREACHABLE_CODE = YES;
				CLANG_WARN__DUPLICATE_METHOD_MATCH = YES;
				COPY_PHASE_STRIP = NO;
				DEBUG_INFORMATION_FORMAT = "dwarf-with-dsym";
				ENABLE_NS_ASSERTIONS = NO;
				ENABLE_STRICT_OBJC_MSGSEND = YES;
				GCC_C_LANGUAGE_STANDARD = gnu11;
				GCC_NO_COMMON_BLOCKS = YES;
				GCC_WARN_64_TO_32_BIT_CONVERSION = YES;
				GCC_WARN_ABOUT_RETURN_TYPE = YES_ERROR;
				GCC_WARN_UNDECLARED_SELECTOR = YES;
				GCC_WARN_UNINITIALIZED_AUTOS = YES_AGGRESSIVE;
				GCC_WARN_UNUSED_FUNCTION = YES;
				GCC_WARN_UNUSED_VARIABLE = YES;
				IPHONEOS_DEPLOYMENT_TARGET = 14.5;
				MTL_ENABLE_DEBUG_INFO = NO;
				MTL_FAST_MATH = YES;
				SDKROOT = iphoneos;
				SWIFT_COMPILATION_MODE = wholemodule;
				SWIFT_OPTIMIZATION_LEVEL = "-O";
				VALIDATE_PRODUCT = YES;
			};
			name = Release;
		};
		C01D5216269E26DE00278553 /* Debug */ = {
			isa = XCBuildConfiguration;
			buildSettings = {
				ASSETCATALOG_COMPILER_APPICON_NAME = AppIcon;
				ASSETCATALOG_COMPILER_GLOBAL_ACCENT_COLOR_NAME = AccentColor;
				CODE_SIGN_STYLE = Automatic;
				DEVELOPMENT_TEAM = BM4YFXN4AH;
				INFOPLIST_FILE = "Viper-iOS-Two/Info.plist";
				LD_RUNPATH_SEARCH_PATHS = (
					"$(inherited)",
					"@executable_path/Frameworks",
				);
				PRODUCT_BUNDLE_IDENTIFIER = "gabriel-nicol.Viper-iOS-Two";
				PRODUCT_NAME = "$(TARGET_NAME)";
				SWIFT_VERSION = 5.0;
				TARGETED_DEVICE_FAMILY = 1;
			};
			name = Debug;
		};
		C01D5217269E26DE00278553 /* Release */ = {
			isa = XCBuildConfiguration;
			buildSettings = {
				ASSETCATALOG_COMPILER_APPICON_NAME = AppIcon;
				ASSETCATALOG_COMPILER_GLOBAL_ACCENT_COLOR_NAME = AccentColor;
				CODE_SIGN_STYLE = Automatic;
				DEVELOPMENT_TEAM = BM4YFXN4AH;
				INFOPLIST_FILE = "Viper-iOS-Two/Info.plist";
				LD_RUNPATH_SEARCH_PATHS = (
					"$(inherited)",
					"@executable_path/Frameworks",
				);
				PRODUCT_BUNDLE_IDENTIFIER = "gabriel-nicol.Viper-iOS-Two";
				PRODUCT_NAME = "$(TARGET_NAME)";
				SWIFT_VERSION = 5.0;
				TARGETED_DEVICE_FAMILY = 1;
			};
			name = Release;
		};
/* End XCBuildConfiguration section */

/* Begin XCConfigurationList section */
		C01D51FC269E26DD00278553 /* Build configuration list for PBXProject "Viper-iOS-Two" */ = {
			isa = XCConfigurationList;
			buildConfigurations = (
				C01D5213269E26DE00278553 /* Debug */,
				C01D5214269E26DE00278553 /* Release */,
			);
			defaultConfigurationIsVisible = 0;
			defaultConfigurationName = Release;
		};
		C01D5215269E26DE00278553 /* Build configuration list for PBXNativeTarget "Viper-iOS-Two" */ = {
			isa = XCConfigurationList;
			buildConfigurations = (
				C01D5216269E26DE00278553 /* Debug */,
				C01D5217269E26DE00278553 /* Release */,
			);
			defaultConfigurationIsVisible = 0;
			defaultConfigurationName = Release;
		};
/* End XCConfigurationList section */
	};
	rootObject = C01D51F9269E26DD00278553 /* Project object */;
}
